
Microsoft Visual Studio Solution File, Format Version 12.00
# Visual Studio Version 17
VisualStudioVersion = 17.14.36408.4 d17.14
MinimumVisualStudioVersion = 10.0.40219.1
Project("{FAE04EC0-301F-11D3-BF4B-00C04F79EFBC}") = "Inventory Managment System Project", "Inventory Managment System Project\Inventory Managment System Project.csproj", "{4F486F2F-62EA-456D-96CB-F154FDA734D5}"
EndProject
Global
	GlobalSection(SolutionConfigurationPlatforms) = preSolution
		Debug|Any CPU = Debug|Any CPU
		Release|Any CPU = Release|Any CPU
	EndGlobalSection
	GlobalSection(ProjectConfigurationPlatforms) = postSolution
		{4F486F2F-62EA-456D-96CB-F154FDA734D5}.Debug|Any CPU.ActiveCfg = Debug|Any CPU
		{4F486F2F-62EA-456D-96CB-F154FDA734D5}.Debug|Any CPU.Build.0 = Debug|Any CPU
		{4F486F2F-62EA-456D-96CB-F154FDA734D5}.Release|Any CPU.ActiveCfg = Release|Any CPU
		{4F486F2F-62EA-456D-96CB-F154FDA734D5}.Release|Any CPU.Build.0 = Release|Any CPU
	EndGlobalSection
	GlobalSection(SolutionProperties) = preSolution
		HideSolutionNode = FALSE
	EndGlobalSection
	GlobalSection(ExtensibilityGlobals) = postSolution
		SolutionGuid = {2A8DEBD6-2307-4451-A0C9-9178C4D46048}
	EndGlobalSection
EndGlobal
